// !$*UTF8*$!
{
	archiveVersion = 1;
	classes = {
	};
	objectVersion = 46;
	objects = {

/* Begin PBXBuildFile section */
		1A7933681F1F3E2A001F0A46 /* main.m in Sources */ = {isa = PBXBuildFile; fileRef = 1A7933671F1F3E29001F0A46 /* main.m */; };
		1A79336B1F1F3E2A001F0A46 /* AppDelegate.m in Sources */ = {isa = PBXBuildFile; fileRef = 1A79336A1F1F3E2A001F0A46 /* AppDelegate.m */; };
		1A79336E1F1F3E2A001F0A46 /* ViewController.m in Sources */ = {isa = PBXBuildFile; fileRef = 1A79336D1F1F3E2A001F0A46 /* ViewController.m */; };
		1A7933711F1F3E2A001F0A46 /* Main.storyboard in Resources */ = {isa = PBXBuildFile; fileRef = 1A79336F1F1F3E2A001F0A46 /* Main.storyboard */; };
		1A7933731F1F3E2A001F0A46 /* Assets.xcassets in Resources */ = {isa = PBXBuildFile; fileRef = 1A7933721F1F3E2A001F0A46 /* Assets.xcassets */; };
		1A7933761F1F3E2A001F0A46 /* LaunchScreen.storyboard in Resources */ = {isa = PBXBuildFile; fileRef = 1A7933741F1F3E2A001F0A46 /* LaunchScreen.storyboard */; };
		1A79337F1F1F49BB001F0A46 /* VideoListCell.m in Sources */ = {isa = PBXBuildFile; fileRef = 1A79337E1F1F49BB001F0A46 /* VideoListCell.m */; };
		1A7933821F1F4CD3001F0A46 /* PlayVideoViewController.m in Sources */ = {isa = PBXBuildFile; fileRef = 1A7933811F1F4CD3001F0A46 /* PlayVideoViewController.m */; };
		1A7933851F1F4F1D001F0A46 /* DQVideoRemotePlayer.m in Sources */ = {isa = PBXBuildFile; fileRef = 1A7933841F1F4F1D001F0A46 /* DQVideoRemotePlayer.m */; };
		1AB843791F205CB600032F10 /* VideoView.m in Sources */ = {isa = PBXBuildFile; fileRef = 1AB843781F205CB600032F10 /* VideoView.m */; };
		1AB8437B1F205CC700032F10 /* VideoView.xib in Resources */ = {isa = PBXBuildFile; fileRef = 1AB8437A1F205CC700032F10 /* VideoView.xib */; };
/* End PBXBuildFile section */

/* Begin PBXFileReference section */
		1A7933631F1F3E29001F0A46 /* MyVideoPlayer.app */ = {isa = PBXFileReference; explicitFileType = wrapper.application; includeInIndex = 0; path = MyVideoPlayer.app; sourceTree = BUILT_PRODUCTS_DIR; };
		1A7933671F1F3E29001F0A46 /* main.m */ = {isa = PBXFileReference; lastKnownFileType = sourcecode.c.objc; path = main.m; sourceTree = "<group>"; };
		1A7933691F1F3E2A001F0A46 /* AppDelegate.h */ = {isa = PBXFileReference; lastKnownFileType = sourcecode.c.h; path = AppDelegate.h; sourceTree = "<group>"; };
		1A79336A1F1F3E2A001F0A46 /* AppDelegate.m */ = {isa = PBXFileReference; lastKnownFileType = sourcecode.c.objc; path = AppDelegate.m; sourceTree = "<group>"; };
		1A79336C1F1F3E2A001F0A46 /* ViewController.h */ = {isa = PBXFileReference; lastKnownFileType = sourcecode.c.h; path = ViewController.h; sourceTree = "<group>"; };
		1A79336D1F1F3E2A001F0A46 /* ViewController.m */ = {isa = PBXFileReference; lastKnownFileType = sourcecode.c.objc; path = ViewController.m; sourceTree = "<group>"; };
		1A7933701F1F3E2A001F0A46 /* Base */ = {isa = PBXFileReference; lastKnownFileType = file.storyboard; name = Base; path = Base.lproj/Main.storyboard; sourceTree = "<group>"; };
		1A7933721F1F3E2A001F0A46 /* Assets.xcassets */ = {isa = PBXFileReference; lastKnownFileType = folder.assetcatalog; path = Assets.xcassets; sourceTree = "<group>"; };
		1A7933751F1F3E2A001F0A46 /* Base */ = {isa = PBXFileReference; lastKnownFileType = file.storyboard; name = Base; path = Base.lproj/LaunchScreen.storyboard; sourceTree = "<group>"; };
		1A7933771F1F3E2A001F0A46 /* Info.plist */ = {isa = PBXFileReference; lastKnownFileType = text.plist.xml; path = Info.plist; sourceTree = "<group>"; };
		1A79337D1F1F49BB001F0A46 /* VideoListCell.h */ = {isa = PBXFileReference; fileEncoding = 4; lastKnownFileType = sourcecode.c.h; path = VideoListCell.h; sourceTree = "<group>"; };
		1A79337E1F1F49BB001F0A46 /* VideoListCell.m */ = {isa = PBXFileReference; fileEncoding = 4; lastKnownFileType = sourcecode.c.objc; path = VideoListCell.m; sourceTree = "<group>"; };
		1A7933801F1F4CD3001F0A46 /* PlayVideoViewController.h */ = {isa = PBXFileReference; fileEncoding = 4; lastKnownFileType = sourcecode.c.h; path = PlayVideoViewController.h; sourceTree = "<group>"; };
		1A7933811F1F4CD3001F0A46 /* PlayVideoViewController.m */ = {isa = PBXFileReference; fileEncoding = 4; lastKnownFileType = sourcecode.c.objc; path = PlayVideoViewController.m; sourceTree = "<group>"; };
		1A7933831F1F4F1D001F0A46 /* DQVideoRemotePlayer.h */ = {isa = PBXFileReference; fileEncoding = 4; lastKnownFileType = sourcecode.c.h; path = DQVideoRemotePlayer.h; sourceTree = "<group>"; };
		1A7933841F1F4F1D001F0A46 /* DQVideoRemotePlayer.m */ = {isa = PBXFileReference; fileEncoding = 4; lastKnownFileType = sourcecode.c.objc; path = DQVideoRemotePlayer.m; sourceTree = "<group>"; };
		1AB843771F205CB600032F10 /* VideoView.h */ = {isa = PBXFileReference; fileEncoding = 4; lastKnownFileType = sourcecode.c.h; path = VideoView.h; sourceTree = "<group>"; };
		1AB843781F205CB600032F10 /* VideoView.m */ = {isa = PBXFileReference; fileEncoding = 4; lastKnownFileType = sourcecode.c.objc; path = VideoView.m; sourceTree = "<group>"; };
		1AB8437A1F205CC700032F10 /* VideoView.xib */ = {isa = PBXFileReference; fileEncoding = 4; lastKnownFileType = file.xib; path = VideoView.xib; sourceTree = "<group>"; };
/* End PBXFileReference section */

/* Begin PBXFrameworksBuildPhase section */
		1A7933601F1F3E29001F0A46 /* Frameworks */ = {
			isa = PBXFrameworksBuildPhase;
			buildActionMask = 2147483647;
			files = (
			);
			runOnlyForDeploymentPostprocessing = 0;
		};
/* End PBXFrameworksBuildPhase section */

/* Begin PBXGroup section */
		1A79335A1F1F3E29001F0A46 = {
			isa = PBXGroup;
			children = (
				1A7933651F1F3E29001F0A46 /* MyVideoPlayer */,
				1A7933641F1F3E29001F0A46 /* Products */,
			);
			sourceTree = "<group>";
		};
		1A7933641F1F3E29001F0A46 /* Products */ = {
			isa = PBXGroup;
			children = (
				1A7933631F1F3E29001F0A46 /* MyVideoPlayer.app */,
			);
			name = Products;
			sourceTree = "<group>";
		};
		1A7933651F1F3E29001F0A46 /* MyVideoPlayer */ = {
			isa = PBXGroup;
			children = (
				1A7933691F1F3E2A001F0A46 /* AppDelegate.h */,
				1A79336A1F1F3E2A001F0A46 /* AppDelegate.m */,
				1A79336C1F1F3E2A001F0A46 /* ViewController.h */,
				1A79336D1F1F3E2A001F0A46 /* ViewController.m */,
				1A79337D1F1F49BB001F0A46 /* VideoListCell.h */,
				1A79337E1F1F49BB001F0A46 /* VideoListCell.m */,
				1A7933801F1F4CD3001F0A46 /* PlayVideoViewController.h */,
				1A7933811F1F4CD3001F0A46 /* PlayVideoViewController.m */,
				1A7933831F1F4F1D001F0A46 /* DQVideoRemotePlayer.h */,
				1A7933841F1F4F1D001F0A46 /* DQVideoRemotePlayer.m */,
				1AB843771F205CB600032F10 /* VideoView.h */,
				1AB843781F205CB600032F10 /* VideoView.m */,
				1AB8437A1F205CC700032F10 /* VideoView.xib */,
				1A79336F1F1F3E2A001F0A46 /* Main.storyboard */,
				1A7933721F1F3E2A001F0A46 /* Assets.xcassets */,
				1A7933741F1F3E2A001F0A46 /* LaunchScreen.storyboard */,
				1A7933771F1F3E2A001F0A46 /* Info.plist */,
				1A7933661F1F3E29001F0A46 /* Supporting Files */,
			);
			path = MyVideoPlayer;
			sourceTree = "<group>";
		};
		1A7933661F1F3E29001F0A46 /* Supporting Files */ = {
			isa = PBXGroup;
			children = (
				1A7933671F1F3E29001F0A46 /* main.m */,
			);
			name = "Supporting Files";
			sourceTree = "<group>";
		};
/* End PBXGroup section */

/* Begin PBXNativeTarget section */
		1A7933621F1F3E29001F0A46 /* MyVideoPlayer */ = {
			isa = PBXNativeTarget;
			buildConfigurationList = 1A79337A1F1F3E2A001F0A46 /* Build configuration list for PBXNativeTarget "MyVideoPlayer" */;
			buildPhases = (
				1A79335F1F1F3E29001F0A46 /* Sources */,
				1A7933601F1F3E29001F0A46 /* Frameworks */,
				1A7933611F1F3E29001F0A46 /* Resources */,
			);
			buildRules = (
			);
			dependencies = (
			);
			name = MyVideoPlayer;
			productName = MyVideoPlayer;
			productReference = 1A7933631F1F3E29001F0A46 /* MyVideoPlayer.app */;
			productType = "com.apple.product-type.application";
		};
/* End PBXNativeTarget section */

/* Begin PBXProject section */
		1A79335B1F1F3E29001F0A46 /* Project object */ = {
			isa = PBXProject;
			attributes = {
				LastUpgradeCheck = 0830;
				ORGANIZATIONNAME = professional;
				TargetAttributes = {
					1A7933621F1F3E29001F0A46 = {
						CreatedOnToolsVersion = 8.3.2;
						ProvisioningStyle = Automatic;
					};
				};
			};
			buildConfigurationList = 1A79335E1F1F3E29001F0A46 /* Build configuration list for PBXProject "MyVideoPlayer" */;
			compatibilityVersion = "Xcode 3.2";
			developmentRegion = English;
			hasScannedForEncodings = 0;
			knownRegions = (
				en,
				Base,
			);
			mainGroup = 1A79335A1F1F3E29001F0A46;
			productRefGroup = 1A7933641F1F3E29001F0A46 /* Products */;
			projectDirPath = "";
			projectRoot = "";
			targets = (
				1A7933621F1F3E29001F0A46 /* MyVideoPlayer */,
			);
		};
/* End PBXProject section */

/* Begin PBXResourcesBuildPhase section */
		1A7933611F1F3E29001F0A46 /* Resources */ = {
			isa = PBXResourcesBuildPhase;
			buildActionMask = 2147483647;
			files = (
				1AB8437B1F205CC700032F10 /* VideoView.xib in Resources */,
				1A7933761F1F3E2A001F0A46 /* LaunchScreen.storyboard in Resources */,
				1A7933731F1F3E2A001F0A46 /* Assets.xcassets in Resources */,
				1A7933711F1F3E2A001F0A46 /* Main.storyboard in Resources */,
			);
			runOnlyForDeploymentPostprocessing = 0;
		};
/* End PBXResourcesBuildPhase section */

/* Begin PBXSourcesBuildPhase section */
		1A79335F1F1F3E29001F0A46 /* Sources */ = {
			isa = PBXSourcesBuildPhase;
			buildActionMask = 2147483647;
			files = (
				1AB843791F205CB600032F10 /* VideoView.m in Sources */,
				1A79336E1F1F3E2A001F0A46 /* ViewController.m in Sources */,
				1A7933821F1F4CD3001F0A46 /* PlayVideoViewController.m in Sources */,
				1A79337F1F1F49BB001F0A46 /* VideoListCell.m in Sources */,
				1A7933851F1F4F1D001F0A46 /* DQVideoRemotePlayer.m in Sources */,
				1A79336B1F1F3E2A001F0A46 /* AppDelegate.m in Sources */,
				1A7933681F1F3E2A001F0A46 /* main.m in Sources */,
			);
			runOnlyForDeploymentPostprocessing = 0;
		};
/* End PBXSourcesBuildPhase section */

/* Begin PBXVariantGroup section */
		1A79336F1F1F3E2A001F0A46 /* Main.storyboard */ = {
			isa = PBXVariantGroup;
			children = (
				1A7933701F1F3E2A001F0A46 /* Base */,
			);
			name = Main.storyboard;
			sourceTree = "<group>";
		};
		1A7933741F1F3E2A001F0A46 /* LaunchScreen.storyboard */ = {
			isa = PBXVariantGroup;
			children = (
				1A7933751F1F3E2A001F0A46 /* Base */,
			);
			name = LaunchScreen.storyboard;
			sourceTree = "<group>";
		};
/* End PBXVariantGroup section */

/* Begin XCBuildConfiguration section */
		1A7933781F1F3E2A001F0A46 /* Debug */ = {
			isa = XCBuildConfiguration;
			buildSettings = {
				ALWAYS_SEARCH_USER_PATHS = NO;
				CLANG_ANALYZER_NONNULL = YES;
				CLANG_ANALYZER_NUMBER_OBJECT_CONVERSION = YES_AGGRESSIVE;
				CLANG_CXX_LANGUAGE_STANDARD = "gnu++0x";
				CLANG_CXX_LIBRARY = "libc++";
				CLANG_ENABLE_MODULES = YES;
				CLANG_ENABLE_OBJC_ARC = YES;
				CLANG_WARN_BOOL_CONVERSION = YES;
				CLANG_WARN_CONSTANT_CONVERSION = YES;
				CLANG_WARN_DIRECT_OBJC_ISA_USAGE = YES_ERROR;
				CLANG_WARN_DOCUMENTATION_COMMENTS = YES;
				CLANG_WARN_EMPTY_BODY = YES;
				CLANG_WARN_ENUM_CONVERSION = YES;
				CLANG_WARN_INFINITE_RECURSION = YES;
				CLANG_WARN_INT_CONVERSION = YES;
				CLANG_WARN_OBJC_ROOT_CLASS = YES_ERROR;
				CLANG_WARN_SUSPICIOUS_MOVE = YES;
				CLANG_WARN_UNREACHABLE_CODE = YES;
				CLANG_WARN__DUPLICATE_METHOD_MATCH = YES;
				"CODE_SIGN_IDENTITY[sdk=iphoneos*]" = "iPhone Developer";
				COPY_PHASE_STRIP = NO;
				DEBUG_INFORMATION_FORMAT = dwarf;
				ENABLE_STRICT_OBJC_MSGSEND = YES;
				ENABLE_TESTABILITY = YES;
				GCC_C_LANGUAGE_STANDARD = gnu99;
				GCC_DYNAMIC_NO_PIC = NO;
				GCC_NO_COMMON_BLOCKS = YES;
				GCC_OPTIMIZATION_LEVEL = 0;
				GCC_PREPROCESSOR_DEFINITIONS = (
					"DEBUG=1",
					"$(inherited)",
				);
				GCC_WARN_64_TO_32_BIT_CONVERSION = YES;
				GCC_WARN_ABOUT_RETURN_TYPE = YES_ERROR;
				GCC_WARN_UNDECLARED_SELECTOR = YES;
				GCC_WARN_UNINITIALIZED_AUTOS = YES_AGGRESSIVE;
				GCC_WARN_UNUSED_FUNCTION = YES;
				GCC_WARN_UNUSED_VARIABLE = YES;
				IPHONEOS_DEPLOYMENT_TARGET = 10.3;
				MTL_ENABLE_DEBUG_INFO = YES;
				ONLY_ACTIVE_ARCH = YES;
				SDKROOT = iphoneos;
				TARGETED_DEVICE_FAMILY = "1,2";
			};
			name = Debug;
		};
		1A7933791F1F3E2A001F0A46 /* Release */ = {
			isa = XCBuildConfiguration;
			buildSettings = {
				ALWAYS_SEARCH_USER_PATHS = NO;
				CLANG_ANALYZER_NONNULL = YES;
				CLANG_ANALYZER_NUMBER_OBJECT_CONVERSION = YES_AGGRESSIVE;
				CLANG_CXX_LANGUAGE_STANDARD = "gnu++0x";
				CLANG_CXX_LIBRARY = "libc++";
				CLANG_ENABLE_MODULES = YES;
				CLANG_ENABLE_OBJC_ARC = YES;
				CLANG_WARN_BOOL_CONVERSION = YES;
				CLANG_WARN_CONSTANT_CONVERSION = YES;
				CLANG_WARN_DIRECT_OBJC_ISA_USAGE = YES_ERROR;
				CLANG_WARN_DOCUMENTATION_COMMENTS = YES;
				CLANG_WARN_EMPTY_BODY = YES;
				CLANG_WARN_ENUM_CONVERSION = YES;
				CLANG_WARN_INFINITE_RECURSION = YES;
				CLANG_WARN_INT_CONVERSION = YES;
				CLANG_WARN_OBJC_ROOT_CLASS = YES_ERROR;
				CLANG_WARN_SUSPICIOUS_MOVE = YES;
				CLANG_WARN_UNREACHABLE_CODE = YES;
				CLANG_WARN__DUPLICATE_METHOD_MATCH = YES;
				"CODE_SIGN_IDENTITY[sdk=iphoneos*]" = "iPhone Developer";
				COPY_PHASE_STRIP = NO;
				DEBUG_INFORMATION_FORMAT = "dwarf-with-dsym";
				ENABLE_NS_ASSERTIONS = NO;
				ENABLE_STRICT_OBJC_MSGSEND = YES;
				GCC_C_LANGUAGE_STANDARD = gnu99;
				GCC_NO_COMMON_BLOCKS = YES;
				GCC_WARN_64_TO_32_BIT_CONVERSION = YES;
				GCC_WARN_ABOUT_RETURN_TYPE = YES_ERROR;
				GCC_WARN_UNDECLARED_SELECTOR = YES;
				GCC_WARN_UNINITIALIZED_AUTOS = YES_AGGRESSIVE;
				GCC_WARN_UNUSED_FUNCTION = YES;
				GCC_WARN_UNUSED_VARIABLE = YES;
				IPHONEOS_DEPLOYMENT_TARGET = 10.3;
				MTL_ENABLE_DEBUG_INFO = NO;
				SDKROOT = iphoneos;
				TARGETED_DEVICE_FAMILY = "1,2";
				VALIDATE_PRODUCT = YES;
			};
			name = Release;
		};
		1A79337B1F1F3E2A001F0A46 /* Debug */ = {
			isa = XCBuildConfiguration;
			buildSettings = {
				ASSETCATALOG_COMPILER_APPICON_NAME = AppIcon;
				INFOPLIST_FILE = MyVideoPlayer/Info.plist;
				LD_RUNPATH_SEARCH_PATHS = "$(inherited) @executable_path/Frameworks";
				PRODUCT_BUNDLE_IDENTIFIER = sjyt.net.EduYunClientTest.video.MyVideoPlayer;
				PRODUCT_NAME = "$(TARGET_NAME)";
			};
			name = Debug;
		};
		1A79337C1F1F3E2A001F0A46 /* Release */ = {
			isa = XCBuildConfiguration;
			buildSettings = {
				ASSETCATALOG_COMPILER_APPICON_NAME = AppIcon;
				INFOPLIST_FILE = MyVideoPlayer/Info.plist;
				LD_RUNPATH_SEARCH_PATHS = "$(inherited) @executable_path/Frameworks";
				PRODUCT_BUNDLE_IDENTIFIER = sjyt.net.EduYunClientTest.video.MyVideoPlayer;
				PRODUCT_NAME = "$(TARGET_NAME)";
			};
			name = Release;
		};
/* End XCBuildConfiguration section */

/* Begin XCConfigurationList section */
		1A79335E1F1F3E29001F0A46 /* Build configuration list for PBXProject "MyVideoPlayer" */ = {
			isa = XCConfigurationList;
			buildConfigurations = (
				1A7933781F1F3E2A001F0A46 /* Debug */,
				1A7933791F1F3E2A001F0A46 /* Release */,
			);
			defaultConfigurationIsVisible = 0;
			defaultConfigurationName = Release;
		};
		1A79337A1F1F3E2A001F0A46 /* Build configuration list for PBXNativeTarget "MyVideoPlayer" */ = {
			isa = XCConfigurationList;
			buildConfigurations = (
				1A79337B1F1F3E2A001F0A46 /* Debug */,
				1A79337C1F1F3E2A001F0A46 /* Release */,
			);
			defaultConfigurationIsVisible = 0;
			defaultConfigurationName = Release;
		};
/* End XCConfigurationList section */
	};
	rootObject = 1A79335B1F1F3E29001F0A46 /* Project object */;
}
